
Microsoft Visual Studio Solution File, Format Version 12.00
# Visual Studio Version 17
VisualStudioVersion = 17.14.36429.23
MinimumVisualStudioVersion = 10.0.40219.1
Project("{FAE04EC0-301F-11D3-BF4B-00C04F79EFBC}") = "HardcoreKiller.Domain", "HardcoreKiller.Domain\HardcoreKiller.Domain.csproj", "{873C30CD-D061-4AB8-9932-419D751FD035}"
EndProject
Project("{FAE04EC0-301F-11D3-BF4B-00C04F79EFBC}") = "HardcoreKiller.Application", "HardcoreKiller.Application\HardcoreKiller.Application.csproj", "{AA1407FC-84B7-4CBA-8115-5A11DE0350F8}"
EndProject
Project("{FAE04EC0-301F-11D3-BF4B-00C04F79EFBC}") = "HardcoreKiller.Infrastructure", "HardcoreKiller.Infrastructure\HardcoreKiller.Infrastructure.csproj", "{5C0158D9-B234-4AC8-8084-8F2945A0092A}"
EndProject
Project("{FAE04EC0-301F-11D3-BF4B-00C04F79EFBC}") = "HardcoreKiller.Shared", "HardcoreKiller.Shared\HardcoreKiller.Shared.csproj", "{90434193-FC7D-4D86-99B3-3CB135A8E18B}"
EndProject
Project("{FAE04EC0-301F-11D3-BF4B-00C04F79EFBC}") = "HardcoreKiller.UI", "HardcoreKiller.UI\HardcoreKiller.UI.csproj", "{5CBCA693-308C-4C11-B268-195F1ED5C5A8}"
EndProject
Global
	GlobalSection(SolutionConfigurationPlatforms) = preSolution
		Debug|Any CPU = Debug|Any CPU
		Release|Any CPU = Release|Any CPU
	EndGlobalSection
	GlobalSection(ProjectConfigurationPlatforms) = postSolution
		{873C30CD-D061-4AB8-9932-419D751FD035}.Debug|Any CPU.ActiveCfg = Debug|Any CPU
		{873C30CD-D061-4AB8-9932-419D751FD035}.Debug|Any CPU.Build.0 = Debug|Any CPU
		{873C30CD-D061-4AB8-9932-419D751FD035}.Release|Any CPU.ActiveCfg = Release|Any CPU
		{873C30CD-D061-4AB8-9932-419D751FD035}.Release|Any CPU.Build.0 = Release|Any CPU
		{AA1407FC-84B7-4CBA-8115-5A11DE0350F8}.Debug|Any CPU.ActiveCfg = Debug|Any CPU
		{AA1407FC-84B7-4CBA-8115-5A11DE0350F8}.Debug|Any CPU.Build.0 = Debug|Any CPU
		{AA1407FC-84B7-4CBA-8115-5A11DE0350F8}.Release|Any CPU.ActiveCfg = Release|Any CPU
		{AA1407FC-84B7-4CBA-8115-5A11DE0350F8}.Release|Any CPU.Build.0 = Release|Any CPU
		{5C0158D9-B234-4AC8-8084-8F2945A0092A}.Debug|Any CPU.ActiveCfg = Debug|Any CPU
		{5C0158D9-B234-4AC8-8084-8F2945A0092A}.Debug|Any CPU.Build.0 = Debug|Any CPU
		{5C0158D9-B234-4AC8-8084-8F2945A0092A}.Release|Any CPU.ActiveCfg = Release|Any CPU
		{5C0158D9-B234-4AC8-8084-8F2945A0092A}.Release|Any CPU.Build.0 = Release|Any CPU
		{90434193-FC7D-4D86-99B3-3CB135A8E18B}.Debug|Any CPU.ActiveCfg = Debug|Any CPU
		{90434193-FC7D-4D86-99B3-3CB135A8E18B}.Debug|Any CPU.Build.0 = Debug|Any CPU
		{90434193-FC7D-4D86-99B3-3CB135A8E18B}.Release|Any CPU.ActiveCfg = Release|Any CPU
		{90434193-FC7D-4D86-99B3-3CB135A8E18B}.Release|Any CPU.Build.0 = Release|Any CPU
		{5CBCA693-308C-4C11-B268-195F1ED5C5A8}.Debug|Any CPU.ActiveCfg = Debug|Any CPU
		{5CBCA693-308C-4C11-B268-195F1ED5C5A8}.Debug|Any CPU.Build.0 = Debug|Any CPU
		{5CBCA693-308C-4C11-B268-195F1ED5C5A8}.Debug|Any CPU.Deploy.0 = Debug|Any CPU
		{5CBCA693-308C-4C11-B268-195F1ED5C5A8}.Release|Any CPU.ActiveCfg = Release|Any CPU
		{5CBCA693-308C-4C11-B268-195F1ED5C5A8}.Release|Any CPU.Build.0 = Release|Any CPU
	EndGlobalSection
	GlobalSection(SolutionProperties) = preSolution
		HideSolutionNode = FALSE
	EndGlobalSection
	GlobalSection(ExtensibilityGlobals) = postSolution
		SolutionGuid = {040303D7-AC5A-428D-B562-093ABDC8D6FE}
	EndGlobalSection
EndGlobal
